
Microsoft Visual Studio Solution File, Format Version 12.00
# Visual Studio 15
VisualStudioVersion = 15.0.28307.645
MinimumVisualStudioVersion = 10.0.40219.1
Project("{FAE04EC0-301F-11D3-BF4B-00C04F79EFBC}") = "StockManagementSystem", "StockManagementSystem\StockManagementSystem.csproj", "{8EE89B41-0C00-407E-BD09-1FD7551E38A9}"
EndProject
Global
	GlobalSection(SolutionConfigurationPlatforms) = preSolution
		Debug|Any CPU = Debug|Any CPU
		Release|Any CPU = Release|Any CPU
	EndGlobalSection
	GlobalSection(ProjectConfigurationPlatforms) = postSolution
		{8EE89B41-0C00-407E-BD09-1FD7551E38A9}.Debug|Any CPU.ActiveCfg = Debug|Any CPU
		{8EE89B41-0C00-407E-BD09-1FD7551E38A9}.Debug|Any CPU.Build.0 = Debug|Any CPU
		{8EE89B41-0C00-407E-BD09-1FD7551E38A9}.Release|Any CPU.ActiveCfg = Release|Any CPU
		{8EE89B41-0C00-407E-BD09-1FD7551E38A9}.Release|Any CPU.Build.0 = Release|Any CPU
	EndGlobalSection
	GlobalSection(SolutionProperties) = preSolution
		HideSolutionNode = FALSE
	EndGlobalSection
	GlobalSection(ExtensibilityGlobals) = postSolution
		SolutionGuid = {5F50DC13-A136-4B3C-94B4-4FC6CB08D540}
	EndGlobalSection
EndGlobal
